
Microsoft Visual Studio Solution File, Format Version 12.00
# Visual Studio Version 17
VisualStudioVersion = 17.14.36811.4 d17.14
MinimumVisualStudioVersion = 10.0.40219.1
Project("{FAE04EC0-301F-11D3-BF4B-00C04F79EFBC}") = "GitRepoForConflict", "GitRepoForConflict\GitRepoForConflict.csproj", "{CDA52918-061D-40E8-AF62-38F7848277D1}"
EndProject
Global
	GlobalSection(SolutionConfigurationPlatforms) = preSolution
		Debug|Any CPU = Debug|Any CPU
		Release|Any CPU = Release|Any CPU
	EndGlobalSection
	GlobalSection(ProjectConfigurationPlatforms) = postSolution
		{CDA52918-061D-40E8-AF62-38F7848277D1}.Debug|Any CPU.ActiveCfg = Debug|Any CPU
		{CDA52918-061D-40E8-AF62-38F7848277D1}.Debug|Any CPU.Build.0 = Debug|Any CPU
		{CDA52918-061D-40E8-AF62-38F7848277D1}.Release|Any CPU.ActiveCfg = Release|Any CPU
		{CDA52918-061D-40E8-AF62-38F7848277D1}.Release|Any CPU.Build.0 = Release|Any CPU
	EndGlobalSection
	GlobalSection(SolutionProperties) = preSolution
		HideSolutionNode = FALSE
	EndGlobalSection
	GlobalSection(ExtensibilityGlobals) = postSolution
		SolutionGuid = {25219E8B-BFA5-4D64-B9DF-7C0A84DC1D81}
	EndGlobalSection
EndGlobal
